// !$*UTF8*$!
{
	archiveVersion = 1;
	classes = {
	};
	objectVersion = 50;
	objects = {

/* Begin PBXBuildFile section */
		F1143E62228EBA7B00AB9AB3 /* AppDelegate.swift in Sources */ = {isa = PBXBuildFile; fileRef = F1143E61228EBA7B00AB9AB3 /* AppDelegate.swift */; };
		F1143E64228EBA7B00AB9AB3 /* TodoListVC.swift in Sources */ = {isa = PBXBuildFile; fileRef = F1143E63228EBA7B00AB9AB3 /* TodoListVC.swift */; };
		F1143E67228EBA7B00AB9AB3 /* Main.storyboard in Resources */ = {isa = PBXBuildFile; fileRef = F1143E65228EBA7B00AB9AB3 /* Main.storyboard */; };
		F1143E69228EBA7C00AB9AB3 /* Assets.xcassets in Resources */ = {isa = PBXBuildFile; fileRef = F1143E68228EBA7C00AB9AB3 /* Assets.xcassets */; };
		F1143E6C228EBA7C00AB9AB3 /* LaunchScreen.storyboard in Resources */ = {isa = PBXBuildFile; fileRef = F1143E6A228EBA7C00AB9AB3 /* LaunchScreen.storyboard */; };
		F1ADA197228F4119005A306D /* Item.swift in Sources */ = {isa = PBXBuildFile; fileRef = F1ADA196228F4119005A306D /* Item.swift */; };
/* End PBXBuildFile section */

/* Begin PBXFileReference section */
		F1143E5E228EBA7B00AB9AB3 /* Todoey.app */ = {isa = PBXFileReference; explicitFileType = wrapper.application; includeInIndex = 0; path = Todoey.app; sourceTree = BUILT_PRODUCTS_DIR; };
		F1143E61228EBA7B00AB9AB3 /* AppDelegate.swift */ = {isa = PBXFileReference; lastKnownFileType = sourcecode.swift; path = AppDelegate.swift; sourceTree = "<group>"; };
		F1143E63228EBA7B00AB9AB3 /* TodoListVC.swift */ = {isa = PBXFileReference; lastKnownFileType = sourcecode.swift; path = TodoListVC.swift; sourceTree = "<group>"; };
		F1143E66228EBA7B00AB9AB3 /* Base */ = {isa = PBXFileReference; lastKnownFileType = file.storyboard; name = Base; path = Base.lproj/Main.storyboard; sourceTree = "<group>"; };
		F1143E68228EBA7C00AB9AB3 /* Assets.xcassets */ = {isa = PBXFileReference; lastKnownFileType = folder.assetcatalog; path = Assets.xcassets; sourceTree = "<group>"; };
		F1143E6B228EBA7C00AB9AB3 /* Base */ = {isa = PBXFileReference; lastKnownFileType = file.storyboard; name = Base; path = Base.lproj/LaunchScreen.storyboard; sourceTree = "<group>"; };
		F1143E6D228EBA7C00AB9AB3 /* Info.plist */ = {isa = PBXFileReference; lastKnownFileType = text.plist.xml; path = Info.plist; sourceTree = "<group>"; };
		F1ADA196228F4119005A306D /* Item.swift */ = {isa = PBXFileReference; lastKnownFileType = sourcecode.swift; path = Item.swift; sourceTree = "<group>"; };
/* End PBXFileReference section */

/* Begin PBXFrameworksBuildPhase section */
		F1143E5B228EBA7B00AB9AB3 /* Frameworks */ = {
			isa = PBXFrameworksBuildPhase;
			buildActionMask = 2147483647;
			files = (
			);
			runOnlyForDeploymentPostprocessing = 0;
		};
/* End PBXFrameworksBuildPhase section */

/* Begin PBXGroup section */
		F1143E55228EBA7B00AB9AB3 = {
			isa = PBXGroup;
			children = (
				F1143E60228EBA7B00AB9AB3 /* Todoey */,
				F1143E5F228EBA7B00AB9AB3 /* Products */,
			);
			sourceTree = "<group>";
		};
		F1143E5F228EBA7B00AB9AB3 /* Products */ = {
			isa = PBXGroup;
			children = (
				F1143E5E228EBA7B00AB9AB3 /* Todoey.app */,
			);
			name = Products;
			sourceTree = "<group>";
		};
		F1143E60228EBA7B00AB9AB3 /* Todoey */ = {
			isa = PBXGroup;
			children = (
				F1143E61228EBA7B00AB9AB3 /* AppDelegate.swift */,
				F1ADA199228F4186005A306D /* Controllers */,
				F1ADA198228F4160005A306D /* Date Model */,
				F1ADA19A228F41A2005A306D /* Views */,
				F1ADA19B228F4209005A306D /* Supporting files */,
				F1143E6D228EBA7C00AB9AB3 /* Info.plist */,
			);
			path = Todoey;
			sourceTree = "<group>";
		};
		F1ADA198228F4160005A306D /* Date Model */ = {
			isa = PBXGroup;
			children = (
				F1ADA196228F4119005A306D /* Item.swift */,
			);
			path = "Date Model";
			sourceTree = "<group>";
		};
		F1ADA199228F4186005A306D /* Controllers */ = {
			isa = PBXGroup;
			children = (
				F1143E63228EBA7B00AB9AB3 /* TodoListVC.swift */,
			);
			path = Controllers;
			sourceTree = "<group>";
		};
		F1ADA19A228F41A2005A306D /* Views */ = {
			isa = PBXGroup;
			children = (
				F1143E65228EBA7B00AB9AB3 /* Main.storyboard */,
			);
			path = Views;
			sourceTree = "<group>";
		};
		F1ADA19B228F4209005A306D /* Supporting files */ = {
			isa = PBXGroup;
			children = (
				F1143E68228EBA7C00AB9AB3 /* Assets.xcassets */,
				F1143E6A228EBA7C00AB9AB3 /* LaunchScreen.storyboard */,
			);
			path = "Supporting files";
			sourceTree = "<group>";
		};
/* End PBXGroup section */

/* Begin PBXNativeTarget section */
		F1143E5D228EBA7B00AB9AB3 /* Todoey */ = {
			isa = PBXNativeTarget;
			buildConfigurationList = F1143E70228EBA7C00AB9AB3 /* Build configuration list for PBXNativeTarget "Todoey" */;
			buildPhases = (
				F1143E5A228EBA7B00AB9AB3 /* Sources */,
				F1143E5B228EBA7B00AB9AB3 /* Frameworks */,
				F1143E5C228EBA7B00AB9AB3 /* Resources */,
			);
			buildRules = (
			);
			dependencies = (
			);
			name = Todoey;
			productName = Todoey;
			productReference = F1143E5E228EBA7B00AB9AB3 /* Todoey.app */;
			productType = "com.apple.product-type.application";
		};
/* End PBXNativeTarget section */

/* Begin PBXProject section */
		F1143E56228EBA7B00AB9AB3 /* Project object */ = {
			isa = PBXProject;
			attributes = {
				LastSwiftUpdateCheck = 1020;
				LastUpgradeCheck = 1020;
				ORGANIZATIONNAME = "Ahmed Ibrahim";
				TargetAttributes = {
					F1143E5D228EBA7B00AB9AB3 = {
						CreatedOnToolsVersion = 10.2;
					};
				};
			};
			buildConfigurationList = F1143E59228EBA7B00AB9AB3 /* Build configuration list for PBXProject "Todoey" */;
			compatibilityVersion = "Xcode 9.3";
			developmentRegion = en;
			hasScannedForEncodings = 0;
			knownRegions = (
				en,
				Base,
			);
			mainGroup = F1143E55228EBA7B00AB9AB3;
			productRefGroup = F1143E5F228EBA7B00AB9AB3 /* Products */;
			projectDirPath = "";
			projectRoot = "";
			targets = (
				F1143E5D228EBA7B00AB9AB3 /* Todoey */,
			);
		};
/* End PBXProject section */

/* Begin PBXResourcesBuildPhase section */
		F1143E5C228EBA7B00AB9AB3 /* Resources */ = {
			isa = PBXResourcesBuildPhase;
			buildActionMask = 2147483647;
			files = (
				F1143E6C228EBA7C00AB9AB3 /* LaunchScreen.storyboard in Resources */,
				F1143E69228EBA7C00AB9AB3 /* Assets.xcassets in Resources */,
				F1143E67228EBA7B00AB9AB3 /* Main.storyboard in Resources */,
			);
			runOnlyForDeploymentPostprocessing = 0;
		};
/* End PBXResourcesBuildPhase section */

/* Begin PBXSourcesBuildPhase section */
		F1143E5A228EBA7B00AB9AB3 /* Sources */ = {
			isa = PBXSourcesBuildPhase;
			buildActionMask = 2147483647;
			files = (
				F1143E64228EBA7B00AB9AB3 /* TodoListVC.swift in Sources */,
				F1ADA197228F4119005A306D /* Item.swift in Sources */,
				F1143E62228EBA7B00AB9AB3 /* AppDelegate.swift in Sources */,
			);
			runOnlyForDeploymentPostprocessing = 0;
		};
/* End PBXSourcesBuildPhase section */

/* Begin PBXVariantGroup section */
		F1143E65228EBA7B00AB9AB3 /* Main.storyboard */ = {
			isa = PBXVariantGroup;
			children = (
				F1143E66228EBA7B00AB9AB3 /* Base */,
			);
			name = Main.storyboard;
			sourceTree = "<group>";
		};
		F1143E6A228EBA7C00AB9AB3 /* LaunchScreen.storyboard */ = {
			isa = PBXVariantGroup;
			children = (
				F1143E6B228EBA7C00AB9AB3 /* Base */,
			);
			name = LaunchScreen.storyboard;
			sourceTree = "<group>";
		};
/* End PBXVariantGroup section */

/* Begin XCBuildConfiguration section */
		F1143E6E228EBA7C00AB9AB3 /* Debug */ = {
			isa = XCBuildConfiguration;
			buildSettings = {
				ALWAYS_SEARCH_USER_PATHS = NO;
				CLANG_ANALYZER_NONNULL = YES;
				CLANG_ANALYZER_NUMBER_OBJECT_CONVERSION = YES_AGGRESSIVE;
				CLANG_CXX_LANGUAGE_STANDARD = "gnu++14";
				CLANG_CXX_LIBRARY = "libc++";
				CLANG_ENABLE_MODULES = YES;
				CLANG_ENABLE_OBJC_ARC = YES;
				CLANG_ENABLE_OBJC_WEAK = YES;
				CLANG_WARN_BLOCK_CAPTURE_AUTORELEASING = YES;
				CLANG_WARN_BOOL_CONVERSION = YES;
				CLANG_WARN_COMMA = YES;
				CLANG_WARN_CONSTANT_CONVERSION = YES;
				CLANG_WARN_DEPRECATED_OBJC_IMPLEMENTATIONS = YES;
				CLANG_WARN_DIRECT_OBJC_ISA_USAGE = YES_ERROR;
				CLANG_WARN_DOCUMENTATION_COMMENTS = YES;
				CLANG_WARN_EMPTY_BODY = YES;
				CLANG_WARN_ENUM_CONVERSION = YES;
				CLANG_WARN_INFINITE_RECURSION = YES;
				CLANG_WARN_INT_CONVERSION = YES;
				CLANG_WARN_NON_LITERAL_NULL_CONVERSION = YES;
				CLANG_WARN_OBJC_IMPLICIT_RETAIN_SELF = YES;
				CLANG_WARN_OBJC_LITERAL_CONVERSION = YES;
				CLANG_WARN_OBJC_ROOT_CLASS = YES_ERROR;
				CLANG_WARN_RANGE_LOOP_ANALYSIS = YES;
				CLANG_WARN_STRICT_PROTOTYPES = YES;
				CLANG_WARN_SUSPICIOUS_MOVE = YES;
				CLANG_WARN_UNGUARDED_AVAILABILITY = YES_AGGRESSIVE;
				CLANG_WARN_UNREACHABLE_CODE = YES;
				CLANG_WARN__DUPLICATE_METHOD_MATCH = YES;
				CODE_SIGN_IDENTITY = "iPhone Developer";
				COPY_PHASE_STRIP = NO;
				DEBUG_INFORMATION_FORMAT = dwarf;
				ENABLE_STRICT_OBJC_MSGSEND = YES;
				ENABLE_TESTABILITY = YES;
				GCC_C_LANGUAGE_STANDARD = gnu11;
				GCC_DYNAMIC_NO_PIC = NO;
				GCC_NO_COMMON_BLOCKS = YES;
				GCC_OPTIMIZATION_LEVEL = 0;
				GCC_PREPROCESSOR_DEFINITIONS = (
					"DEBUG=1",
					"$(inherited)",
				);
				GCC_WARN_64_TO_32_BIT_CONVERSION = YES;
				GCC_WARN_ABOUT_RETURN_TYPE = YES_ERROR;
				GCC_WARN_UNDECLARED_SELECTOR = YES;
				GCC_WARN_UNINITIALIZED_AUTOS = YES_AGGRESSIVE;
				GCC_WARN_UNUSED_FUNCTION = YES;
				GCC_WARN_UNUSED_VARIABLE = YES;
				IPHONEOS_DEPLOYMENT_TARGET = 12.2;
				MTL_ENABLE_DEBUG_INFO = INCLUDE_SOURCE;
				MTL_FAST_MATH = YES;
				ONLY_ACTIVE_ARCH = YES;
				SDKROOT = iphoneos;
				SWIFT_ACTIVE_COMPILATION_CONDITIONS = DEBUG;
				SWIFT_OPTIMIZATION_LEVEL = "-Onone";
			};
			name = Debug;
		};
		F1143E6F228EBA7C00AB9AB3 /* Release */ = {
			isa = XCBuildConfiguration;
			buildSettings = {
				ALWAYS_SEARCH_USER_PATHS = NO;
				CLANG_ANALYZER_NONNULL = YES;
				CLANG_ANALYZER_NUMBER_OBJECT_CONVERSION = YES_AGGRESSIVE;
				CLANG_CXX_LANGUAGE_STANDARD = "gnu++14";
				CLANG_CXX_LIBRARY = "libc++";
				CLANG_ENABLE_MODULES = YES;
				CLANG_ENABLE_OBJC_ARC = YES;
				CLANG_ENABLE_OBJC_WEAK = YES;
				CLANG_WARN_BLOCK_CAPTURE_AUTORELEASING = YES;
				CLANG_WARN_BOOL_CONVERSION = YES;
				CLANG_WARN_COMMA = YES;
				CLANG_WARN_CONSTANT_CONVERSION = YES;
				CLANG_WARN_DEPRECATED_OBJC_IMPLEMENTATIONS = YES;
				CLANG_WARN_DIRECT_OBJC_ISA_USAGE = YES_ERROR;
				CLANG_WARN_DOCUMENTATION_COMMENTS = YES;
				CLANG_WARN_EMPTY_BODY = YES;
				CLANG_WARN_ENUM_CONVERSION = YES;
				CLANG_WARN_INFINITE_RECURSION = YES;
				CLANG_WARN_INT_CONVERSION = YES;
				CLANG_WARN_NON_LITERAL_NULL_CONVERSION = YES;
				CLANG_WARN_OBJC_IMPLICIT_RETAIN_SELF = YES;
				CLANG_WARN_OBJC_LITERAL_CONVERSION = YES;
				CLANG_WARN_OBJC_ROOT_CLASS = YES_ERROR;
				CLANG_WARN_RANGE_LOOP_ANALYSIS = YES;
				CLANG_WARN_STRICT_PROTOTYPES = YES;
				CLANG_WARN_SUSPICIOUS_MOVE = YES;
				CLANG_WARN_UNGUARDED_AVAILABILITY = YES_AGGRESSIVE;
				CLANG_WARN_UNREACHABLE_CODE = YES;
				CLANG_WARN__DUPLICATE_METHOD_MATCH = YES;
				CODE_SIGN_IDENTITY = "iPhone Developer";
				COPY_PHASE_STRIP = NO;
				DEBUG_INFORMATION_FORMAT = "dwarf-with-dsym";
				ENABLE_NS_ASSERTIONS = NO;
				ENABLE_STRICT_OBJC_MSGSEND = YES;
				GCC_C_LANGUAGE_STANDARD = gnu11;
				GCC_NO_COMMON_BLOCKS = YES;
				GCC_WARN_64_TO_32_BIT_CONVERSION = YES;
				GCC_WARN_ABOUT_RETURN_TYPE = YES_ERROR;
				GCC_WARN_UNDECLARED_SELECTOR = YES;
				GCC_WARN_UNINITIALIZED_AUTOS = YES_AGGRESSIVE;
				GCC_WARN_UNUSED_FUNCTION = YES;
				GCC_WARN_UNUSED_VARIABLE = YES;
				IPHONEOS_DEPLOYMENT_TARGET = 12.2;
				MTL_ENABLE_DEBUG_INFO = NO;
				MTL_FAST_MATH = YES;
				SDKROOT = iphoneos;
				SWIFT_COMPILATION_MODE = wholemodule;
				SWIFT_OPTIMIZATION_LEVEL = "-O";
				VALIDATE_PRODUCT = YES;
			};
			name = Release;
		};
		F1143E71228EBA7C00AB9AB3 /* Debug */ = {
			isa = XCBuildConfiguration;
			buildSettings = {
				ASSETCATALOG_COMPILER_APPICON_NAME = AppIcon;
				CODE_SIGN_STYLE = Automatic;
				DEVELOPMENT_TEAM = ZEHMW6QEAS;
				INFOPLIST_FILE = Todoey/Info.plist;
				LD_RUNPATH_SEARCH_PATHS = (
					"$(inherited)",
					"@executable_path/Frameworks",
				);
				PRODUCT_BUNDLE_IDENTIFIER = MG.Todoey;
				PRODUCT_NAME = "$(TARGET_NAME)";
				SWIFT_VERSION = 5.0;
				TARGETED_DEVICE_FAMILY = "1,2";
			};
			name = Debug;
		};
		F1143E72228EBA7C00AB9AB3 /* Release */ = {
			isa = XCBuildConfiguration;
			buildSettings = {
				ASSETCATALOG_COMPILER_APPICON_NAME = AppIcon;
				CODE_SIGN_STYLE = Automatic;
				DEVELOPMENT_TEAM = ZEHMW6QEAS;
				INFOPLIST_FILE = Todoey/Info.plist;
				LD_RUNPATH_SEARCH_PATHS = (
					"$(inherited)",
					"@executable_path/Frameworks",
				);
				PRODUCT_BUNDLE_IDENTIFIER = MG.Todoey;
				PRODUCT_NAME = "$(TARGET_NAME)";
				SWIFT_VERSION = 5.0;
				TARGETED_DEVICE_FAMILY = "1,2";
			};
			name = Release;
		};
/* End XCBuildConfiguration section */

/* Begin XCConfigurationList section */
		F1143E59228EBA7B00AB9AB3 /* Build configuration list for PBXProject "Todoey" */ = {
			isa = XCConfigurationList;
			buildConfigurations = (
				F1143E6E228EBA7C00AB9AB3 /* Debug */,
				F1143E6F228EBA7C00AB9AB3 /* Release */,
			);
			defaultConfigurationIsVisible = 0;
			defaultConfigurationName = Release;
		};
		F1143E70228EBA7C00AB9AB3 /* Build configuration list for PBXNativeTarget "Todoey" */ = {
			isa = XCConfigurationList;
			buildConfigurations = (
				F1143E71228EBA7C00AB9AB3 /* Debug */,
				F1143E72228EBA7C00AB9AB3 /* Release */,
			);
			defaultConfigurationIsVisible = 0;
			defaultConfigurationName = Release;
		};
/* End XCConfigurationList section */
	};
	rootObject = F1143E56228EBA7B00AB9AB3 /* Project object */;
}
